
Microsoft Visual Studio Solution File, Format Version 12.00
# Visual Studio 15
Project("{FAE04EC0-301F-11D3-BF4B-00C04F79EFBC}") = "Unity.Timeline", "Unity.Timeline.csproj", "{6664C001-2935-0C70-453C-6163C471DAA4}"
EndProject
Project("{FAE04EC0-301F-11D3-BF4B-00C04F79EFBC}") = "Unity.Timeline.Editor", "Unity.Timeline.Editor.csproj", "{376966B7-B935-0768-D0CD-C35AC0574313}"
EndProject
Project("{FAE04EC0-301F-11D3-BF4B-00C04F79EFBC}") = "Unity.TextMeshPro.Editor", "Unity.TextMeshPro.Editor.csproj", "{E3E738FA-CCC9-ECDF-A5DF-9DD7E597E087}"
EndProject
Project("{FAE04EC0-301F-11D3-BF4B-00C04F79EFBC}") = "Unity.VisualScripting.Flow", "Unity.VisualScripting.Flow.csproj", "{3BC08CB8-CBA9-B63F-5201-636E8AF36335}"
EndProject
Project("{FAE04EC0-301F-11D3-BF4B-00C04F79EFBC}") = "Unity.PlasticSCM.Editor", "Unity.PlasticSCM.Editor.csproj", "{79C8B4B3-F4FF-FB99-0DA4-C5A14FAAC585}"
EndProject
Project("{FAE04EC0-301F-11D3-BF4B-00C04F79EFBC}") = "Unity.VisualScripting.Core", "Unity.VisualScripting.Core.csproj", "{D9C27CFC-3D59-8BA8-DDF9-43CEDE8C5C48}"
EndProject
Project("{FAE04EC0-301F-11D3-BF4B-00C04F79EFBC}") = "Unity.VisualScripting.Core.Editor", "Unity.VisualScripting.Core.Editor.csproj", "{6A81F998-7F88-C457-5D98-9B4C09DBB48C}"
EndProject
Project("{FAE04EC0-301F-11D3-BF4B-00C04F79EFBC}") = "Unity.VisualScripting.Flow.Editor", "Unity.VisualScripting.Flow.Editor.csproj", "{80EA8F77-6CA8-E8FA-54F2-2562869A25EC}"
EndProject
Project("{FAE04EC0-301F-11D3-BF4B-00C04F79EFBC}") = "UnityEditor.TestRunner", "UnityEditor.TestRunner.csproj", "{EF25975D-5BC7-93D3-4F6A-3D31AA00B4E2}"
EndProject
Project("{FAE04EC0-301F-11D3-BF4B-00C04F79EFBC}") = "Unity.VisualScripting.SettingsProvider.Editor", "Unity.VisualScripting.SettingsProvider.Editor.csproj", "{50667288-6D0B-D2B6-F41E-0C125AD01779}"
EndProject
Project("{FAE04EC0-301F-11D3-BF4B-00C04F79EFBC}") = "UnityEngine.TestRunner", "UnityEngine.TestRunner.csproj", "{5D6D3E5B-CC81-0807-9FEB-C5E7EFC2F2E1}"
EndProject
Project("{FAE04EC0-301F-11D3-BF4B-00C04F79EFBC}") = "Assembly-CSharp", "Assembly-CSharp.csproj", "{A7C0A3C8-4325-05C9-F835-67062CC63370}"
EndProject
Project("{FAE04EC0-301F-11D3-BF4B-00C04F79EFBC}") = "Unity.VisualStudio.Editor", "Unity.VisualStudio.Editor.csproj", "{61E2CAB1-7DCC-D04B-4C0A-D6CA227DD509}"
EndProject
Project("{FAE04EC0-301F-11D3-BF4B-00C04F79EFBC}") = "Unity.TestTools.CodeCoverage.Editor.OpenCover.Model", "Unity.TestTools.CodeCoverage.Editor.OpenCover.Model.csproj", "{6AAD9286-7C6A-53DB-4818-F2337070EA92}"
EndProject
Project("{FAE04EC0-301F-11D3-BF4B-00C04F79EFBC}") = "Unity.Rider.Editor", "Unity.Rider.Editor.csproj", "{FEF72ABF-136C-2CD2-FA25-1451DBBAB83F}"
EndProject
Project("{FAE04EC0-301F-11D3-BF4B-00C04F79EFBC}") = "Unity.VisualScripting.State.Editor", "Unity.VisualScripting.State.Editor.csproj", "{14A4DAAB-1E26-FBF5-823A-30CE21CAE5E3}"
EndProject
Project("{FAE04EC0-301F-11D3-BF4B-00C04F79EFBC}") = "Unity.TestTools.CodeCoverage.Editor", "Unity.TestTools.CodeCoverage.Editor.csproj", "{92D4DD55-F724-D2AD-D4E1-7E7AA234FC28}"
EndProject
Project("{FAE04EC0-301F-11D3-BF4B-00C04F79EFBC}") = "Unity.VisualScripting.State", "Unity.VisualScripting.State.csproj", "{2F5C1CF0-1299-B608-6E9A-51A00DB687D9}"
EndProject
Project("{FAE04EC0-301F-11D3-BF4B-00C04F79EFBC}") = "Unity.TextMeshPro", "Unity.TextMeshPro.csproj", "{9E7940B4-BC1D-1875-A49B-88937DD1CD30}"
EndProject
Project("{FAE04EC0-301F-11D3-BF4B-00C04F79EFBC}") = "Unity.Performance.Profile-Analyzer.Editor", "Unity.Performance.Profile-Analyzer.Editor.csproj", "{24AE2F21-8DFB-736E-A276-21CDCD20E5D3}"
EndProject
Project("{FAE04EC0-301F-11D3-BF4B-00C04F79EFBC}") = "Unity.VSCode.Editor", "Unity.VSCode.Editor.csproj", "{6F0B7BCE-02A3-76A8-6B1B-3403EE844EC1}"
EndProject
Project("{FAE04EC0-301F-11D3-BF4B-00C04F79EFBC}") = "Unity.TestTools.CodeCoverage.Editor.OpenCover.Mono.Reflection", "Unity.TestTools.CodeCoverage.Editor.OpenCover.Mono.Reflection.csproj", "{CDAE4843-620F-7010-4A6D-0FA0798AEC3D}"
EndProject
Project("{FAE04EC0-301F-11D3-BF4B-00C04F79EFBC}") = "Unity.Settings.Editor", "Unity.Settings.Editor.csproj", "{4A5D7A5C-07C4-806A-3DC3-613F7F049335}"
EndProject
Project("{FAE04EC0-301F-11D3-BF4B-00C04F79EFBC}") = "Unity.EditorCoroutines.Editor", "Unity.EditorCoroutines.Editor.csproj", "{94CBF3DC-AD5C-7E0A-048B-8ACD7B3B89E0}"
EndProject
Project("{FAE04EC0-301F-11D3-BF4B-00C04F79EFBC}") = "Assembly-CSharp-Editor", "Assembly-CSharp-Editor.csproj", "{201D497A-8BF0-C781-7DE4-7488F969E258}"
EndProject
Project("{FAE04EC0-301F-11D3-BF4B-00C04F79EFBC}") = "Unity.VisualScripting.Shared.Editor", "Unity.VisualScripting.Shared.Editor.csproj", "{2B2DE0D2-5AEB-E83E-8E77-EB8208A61FB2}"
EndProject
Project("{FAE04EC0-301F-11D3-BF4B-00C04F79EFBC}") = "Unity.CollabProxy.Editor", "Unity.CollabProxy.Editor.csproj", "{58899CF8-E378-587B-F2E1-4DC26FC23C98}"
EndProject
Global
	GlobalSection(SolutionConfigurationPlatforms) = preSolution
		Debug|Any CPU = Debug|Any CPU
		Release|Any CPU = Release|Any CPU
	EndGlobalSection
	GlobalSection(ProjectConfigurationPlatforms) = postSolution
		{6664C001-2935-0C70-453C-6163C471DAA4}.Debug|Any CPU.ActiveCfg = Debug|Any CPU
		{6664C001-2935-0C70-453C-6163C471DAA4}.Debug|Any CPU.Build.0 = Debug|Any CPU
		{6664C001-2935-0C70-453C-6163C471DAA4}.Release|Any CPU.ActiveCfg = Release|Any CPU
		{6664C001-2935-0C70-453C-6163C471DAA4}.Release|Any CPU.Build.0 = Release|Any CPU
		{376966B7-B935-0768-D0CD-C35AC0574313}.Debug|Any CPU.ActiveCfg = Debug|Any CPU
		{376966B7-B935-0768-D0CD-C35AC0574313}.Debug|Any CPU.Build.0 = Debug|Any CPU
		{376966B7-B935-0768-D0CD-C35AC0574313}.Release|Any CPU.ActiveCfg = Release|Any CPU
		{376966B7-B935-0768-D0CD-C35AC0574313}.Release|Any CPU.Build.0 = Release|Any CPU
		{E3E738FA-CCC9-ECDF-A5DF-9DD7E597E087}.Debug|Any CPU.ActiveCfg = Debug|Any CPU
		{E3E738FA-CCC9-ECDF-A5DF-9DD7E597E087}.Debug|Any CPU.Build.0 = Debug|Any CPU
		{E3E738FA-CCC9-ECDF-A5DF-9DD7E597E087}.Release|Any CPU.ActiveCfg = Release|Any CPU
		{E3E738FA-CCC9-ECDF-A5DF-9DD7E597E087}.Release|Any CPU.Build.0 = Release|Any CPU
		{3BC08CB8-CBA9-B63F-5201-636E8AF36335}.Debug|Any CPU.ActiveCfg = Debug|Any CPU
		{3BC08CB8-CBA9-B63F-5201-636E8AF36335}.Debug|Any CPU.Build.0 = Debug|Any CPU
		{3BC08CB8-CBA9-B63F-5201-636E8AF36335}.Release|Any CPU.ActiveCfg = Release|Any CPU
		{3BC08CB8-CBA9-B63F-5201-636E8AF36335}.Release|Any CPU.Build.0 = Release|Any CPU
		{79C8B4B3-F4FF-FB99-0DA4-C5A14FAAC585}.Debug|Any CPU.ActiveCfg = Debug|Any CPU
		{79C8B4B3-F4FF-FB99-0DA4-C5A14FAAC585}.Debug|Any CPU.Build.0 = Debug|Any CPU
		{79C8B4B3-F4FF-FB99-0DA4-C5A14FAAC585}.Release|Any CPU.ActiveCfg = Release|Any CPU
		{79C8B4B3-F4FF-FB99-0DA4-C5A14FAAC585}.Release|Any CPU.Build.0 = Release|Any CPU
		{D9C27CFC-3D59-8BA8-DDF9-43CEDE8C5C48}.Debug|Any CPU.ActiveCfg = Debug|Any CPU
		{D9C27CFC-3D59-8BA8-DDF9-43CEDE8C5C48}.Debug|Any CPU.Build.0 = Debug|Any CPU
		{D9C27CFC-3D59-8BA8-DDF9-43CEDE8C5C48}.Release|Any CPU.ActiveCfg = Release|Any CPU
		{D9C27CFC-3D59-8BA8-DDF9-43CEDE8C5C48}.Release|Any CPU.Build.0 = Release|Any CPU
		{6A81F998-7F88-C457-5D98-9B4C09DBB48C}.Debug|Any CPU.ActiveCfg = Debug|Any CPU
		{6A81F998-7F88-C457-5D98-9B4C09DBB48C}.Debug|Any CPU.Build.0 = Debug|Any CPU
		{6A81F998-7F88-C457-5D98-9B4C09DBB48C}.Release|Any CPU.ActiveCfg = Release|Any CPU
		{6A81F998-7F88-C457-5D98-9B4C09DBB48C}.Release|Any CPU.Build.0 = Release|Any CPU
		{80EA8F77-6CA8-E8FA-54F2-2562869A25EC}.Debug|Any CPU.ActiveCfg = Debug|Any CPU
		{80EA8F77-6CA8-E8FA-54F2-2562869A25EC}.Debug|Any CPU.Build.0 = Debug|Any CPU
		{80EA8F77-6CA8-E8FA-54F2-2562869A25EC}.Release|Any CPU.ActiveCfg = Release|Any CPU
		{80EA8F77-6CA8-E8FA-54F2-2562869A25EC}.Release|Any CPU.Build.0 = Release|Any CPU
		{EF25975D-5BC7-93D3-4F6A-3D31AA00B4E2}.Debug|Any CPU.ActiveCfg = Debug|Any CPU
		{EF25975D-5BC7-93D3-4F6A-3D31AA00B4E2}.Debug|Any CPU.Build.0 = Debug|Any CPU
		{EF25975D-5BC7-93D3-4F6A-3D31AA00B4E2}.Release|Any CPU.ActiveCfg = Release|Any CPU
		{EF25975D-5BC7-93D3-4F6A-3D31AA00B4E2}.Release|Any CPU.Build.0 = Release|Any CPU
		{50667288-6D0B-D2B6-F41E-0C125AD01779}.Debug|Any CPU.ActiveCfg = Debug|Any CPU
		{50667288-6D0B-D2B6-F41E-0C125AD01779}.Debug|Any CPU.Build.0 = Debug|Any CPU
		{50667288-6D0B-D2B6-F41E-0C125AD01779}.Release|Any CPU.ActiveCfg = Release|Any CPU
		{50667288-6D0B-D2B6-F41E-0C125AD01779}.Release|Any CPU.Build.0 = Release|Any CPU
		{5D6D3E5B-CC81-0807-9FEB-C5E7EFC2F2E1}.Debug|Any CPU.ActiveCfg = Debug|Any CPU
		{5D6D3E5B-CC81-0807-9FEB-C5E7EFC2F2E1}.Debug|Any CPU.Build.0 = Debug|Any CPU
		{5D6D3E5B-CC81-0807-9FEB-C5E7EFC2F2E1}.Release|Any CPU.ActiveCfg = Release|Any CPU
		{5D6D3E5B-CC81-0807-9FEB-C5E7EFC2F2E1}.Release|Any CPU.Build.0 = Release|Any CPU
		{A7C0A3C8-4325-05C9-F835-67062CC63370}.Debug|Any CPU.ActiveCfg = Debug|Any CPU
		{A7C0A3C8-4325-05C9-F835-67062CC63370}.Debug|Any CPU.Build.0 = Debug|Any CPU
		{A7C0A3C8-4325-05C9-F835-67062CC63370}.Release|Any CPU.ActiveCfg = Release|Any CPU
		{A7C0A3C8-4325-05C9-F835-67062CC63370}.Release|Any CPU.Build.0 = Release|Any CPU
		{61E2CAB1-7DCC-D04B-4C0A-D6CA227DD509}.Debug|Any CPU.ActiveCfg = Debug|Any CPU
		{61E2CAB1-7DCC-D04B-4C0A-D6CA227DD509}.Debug|Any CPU.Build.0 = Debug|Any CPU
		{61E2CAB1-7DCC-D04B-4C0A-D6CA227DD509}.Release|Any CPU.ActiveCfg = Release|Any CPU
		{61E2CAB1-7DCC-D04B-4C0A-D6CA227DD509}.Release|Any CPU.Build.0 = Release|Any CPU
		{6AAD9286-7C6A-53DB-4818-F2337070EA92}.Debug|Any CPU.ActiveCfg = Debug|Any CPU
		{6AAD9286-7C6A-53DB-4818-F2337070EA92}.Debug|Any CPU.Build.0 = Debug|Any CPU
		{6AAD9286-7C6A-53DB-4818-F2337070EA92}.Release|Any CPU.ActiveCfg = Release|Any CPU
		{6AAD9286-7C6A-53DB-4818-F2337070EA92}.Release|Any CPU.Build.0 = Release|Any CPU
		{FEF72ABF-136C-2CD2-FA25-1451DBBAB83F}.Debug|Any CPU.ActiveCfg = Debug|Any CPU
		{FEF72ABF-136C-2CD2-FA25-1451DBBAB83F}.Debug|Any CPU.Build.0 = Debug|Any CPU
		{FEF72ABF-136C-2CD2-FA25-1451DBBAB83F}.Release|Any CPU.ActiveCfg = Release|Any CPU
		{FEF72ABF-136C-2CD2-FA25-1451DBBAB83F}.Release|Any CPU.Build.0 = Release|Any CPU
		{14A4DAAB-1E26-FBF5-823A-30CE21CAE5E3}.Debug|Any CPU.ActiveCfg = Debug|Any CPU
		{14A4DAAB-1E26-FBF5-823A-30CE21CAE5E3}.Debug|Any CPU.Build.0 = Debug|Any CPU
		{14A4DAAB-1E26-FBF5-823A-30CE21CAE5E3}.Release|Any CPU.ActiveCfg = Release|Any CPU
		{14A4DAAB-1E26-FBF5-823A-30CE21CAE5E3}.Release|Any CPU.Build.0 = Release|Any CPU
		{92D4DD55-F724-D2AD-D4E1-7E7AA234FC28}.Debug|Any CPU.ActiveCfg = Debug|Any CPU
		{92D4DD55-F724-D2AD-D4E1-7E7AA234FC28}.Debug|Any CPU.Build.0 = Debug|Any CPU
		{92D4DD55-F724-D2AD-D4E1-7E7AA234FC28}.Release|Any CPU.ActiveCfg = Release|Any CPU
		{92D4DD55-F724-D2AD-D4E1-7E7AA234FC28}.Release|Any CPU.Build.0 = Release|Any CPU
		{2F5C1CF0-1299-B608-6E9A-51A00DB687D9}.Debug|Any CPU.ActiveCfg = Debug|Any CPU
		{2F5C1CF0-1299-B608-6E9A-51A00DB687D9}.Debug|Any CPU.Build.0 = Debug|Any CPU
		{2F5C1CF0-1299-B608-6E9A-51A00DB687D9}.Release|Any CPU.ActiveCfg = Release|Any CPU
		{2F5C1CF0-1299-B608-6E9A-51A00DB687D9}.Release|Any CPU.Build.0 = Release|Any CPU
		{9E7940B4-BC1D-1875-A49B-88937DD1CD30}.Debug|Any CPU.ActiveCfg = Debug|Any CPU
		{9E7940B4-BC1D-1875-A49B-88937DD1CD30}.Debug|Any CPU.Build.0 = Debug|Any CPU
		{9E7940B4-BC1D-1875-A49B-88937DD1CD30}.Release|Any CPU.ActiveCfg = Release|Any CPU
		{9E7940B4-BC1D-1875-A49B-88937DD1CD30}.Release|Any CPU.Build.0 = Release|Any CPU
		{24AE2F21-8DFB-736E-A276-21CDCD20E5D3}.Debug|Any CPU.ActiveCfg = Debug|Any CPU
		{24AE2F21-8DFB-736E-A276-21CDCD20E5D3}.Debug|Any CPU.Build.0 = Debug|Any CPU
		{24AE2F21-8DFB-736E-A276-21CDCD20E5D3}.Release|Any CPU.ActiveCfg = Release|Any CPU
		{24AE2F21-8DFB-736E-A276-21CDCD20E5D3}.Release|Any CPU.Build.0 = Release|Any CPU
		{6F0B7BCE-02A3-76A8-6B1B-3403EE844EC1}.Debug|Any CPU.ActiveCfg = Debug|Any CPU
		{6F0B7BCE-02A3-76A8-6B1B-3403EE844EC1}.Debug|Any CPU.Build.0 = Debug|Any CPU
		{6F0B7BCE-02A3-76A8-6B1B-3403EE844EC1}.Release|Any CPU.ActiveCfg = Release|Any CPU
		{6F0B7BCE-02A3-76A8-6B1B-3403EE844EC1}.Release|Any CPU.Build.0 = Release|Any CPU
		{CDAE4843-620F-7010-4A6D-0FA0798AEC3D}.Debug|Any CPU.ActiveCfg = Debug|Any CPU
		{CDAE4843-620F-7010-4A6D-0FA0798AEC3D}.Debug|Any CPU.Build.0 = Debug|Any CPU
		{CDAE4843-620F-7010-4A6D-0FA0798AEC3D}.Release|Any CPU.ActiveCfg = Release|Any CPU
		{CDAE4843-620F-7010-4A6D-0FA0798AEC3D}.Release|Any CPU.Build.0 = Release|Any CPU
		{4A5D7A5C-07C4-806A-3DC3-613F7F049335}.Debug|Any CPU.ActiveCfg = Debug|Any CPU
		{4A5D7A5C-07C4-806A-3DC3-613F7F049335}.Debug|Any CPU.Build.0 = Debug|Any CPU
		{4A5D7A5C-07C4-806A-3DC3-613F7F049335}.Release|Any CPU.ActiveCfg = Release|Any CPU
		{4A5D7A5C-07C4-806A-3DC3-613F7F049335}.Release|Any CPU.Build.0 = Release|Any CPU
		{94CBF3DC-AD5C-7E0A-048B-8ACD7B3B89E0}.Debug|Any CPU.ActiveCfg = Debug|Any CPU
		{94CBF3DC-AD5C-7E0A-048B-8ACD7B3B89E0}.Debug|Any CPU.Build.0 = Debug|Any CPU
		{94CBF3DC-AD5C-7E0A-048B-8ACD7B3B89E0}.Release|Any CPU.ActiveCfg = Release|Any CPU
		{94CBF3DC-AD5C-7E0A-048B-8ACD7B3B89E0}.Release|Any CPU.Build.0 = Release|Any CPU
		{201D497A-8BF0-C781-7DE4-7488F969E258}.Debug|Any CPU.ActiveCfg = Debug|Any CPU
		{201D497A-8BF0-C781-7DE4-7488F969E258}.Debug|Any CPU.Build.0 = Debug|Any CPU
		{201D497A-8BF0-C781-7DE4-7488F969E258}.Release|Any CPU.ActiveCfg = Release|Any CPU
		{201D497A-8BF0-C781-7DE4-7488F969E258}.Release|Any CPU.Build.0 = Release|Any CPU
		{2B2DE0D2-5AEB-E83E-8E77-EB8208A61FB2}.Debug|Any CPU.ActiveCfg = Debug|Any CPU
		{2B2DE0D2-5AEB-E83E-8E77-EB8208A61FB2}.Debug|Any CPU.Build.0 = Debug|Any CPU
		{2B2DE0D2-5AEB-E83E-8E77-EB8208A61FB2}.Release|Any CPU.ActiveCfg = Release|Any CPU
		{2B2DE0D2-5AEB-E83E-8E77-EB8208A61FB2}.Release|Any CPU.Build.0 = Release|Any CPU
		{58899CF8-E378-587B-F2E1-4DC26FC23C98}.Debug|Any CPU.ActiveCfg = Debug|Any CPU
		{58899CF8-E378-587B-F2E1-4DC26FC23C98}.Debug|Any CPU.Build.0 = Debug|Any CPU
		{58899CF8-E378-587B-F2E1-4DC26FC23C98}.Release|Any CPU.ActiveCfg = Release|Any CPU
		{58899CF8-E378-587B-F2E1-4DC26FC23C98}.Release|Any CPU.Build.0 = Release|Any CPU
	EndGlobalSection
	GlobalSection(SolutionProperties) = preSolution
		HideSolutionNode = FALSE
	EndGlobalSection
EndGlobal
